
Microsoft Visual Studio Solution File, Format Version 12.00
# Visual Studio Version 16
VisualStudioVersion = 16.0.29009.5
MinimumVisualStudioVersion = 10.0.40219.1
Project("{FAE04EC0-301F-11D3-BF4B-00C04F79EFBC}") = "TuringMachine", "TuringMachine.csproj", "{A59DC66C-5178-46E0-BA08-E121D68EAEBE}"
EndProject
Global
	GlobalSection(SolutionConfigurationPlatforms) = preSolution
		Debug|Any CPU = Debug|Any CPU
		Release|Any CPU = Release|Any CPU
	EndGlobalSection
	GlobalSection(ProjectConfigurationPlatforms) = postSolution
		{A59DC66C-5178-46E0-BA08-E121D68EAEBE}.Debug|Any CPU.ActiveCfg = Debug|Any CPU
		{A59DC66C-5178-46E0-BA08-E121D68EAEBE}.Debug|Any CPU.Build.0 = Debug|Any CPU
		{A59DC66C-5178-46E0-BA08-E121D68EAEBE}.Release|Any CPU.ActiveCfg = Release|Any CPU
		{A59DC66C-5178-46E0-BA08-E121D68EAEBE}.Release|Any CPU.Build.0 = Release|Any CPU
	EndGlobalSection
	GlobalSection(SolutionProperties) = preSolution
		HideSolutionNode = FALSE
	EndGlobalSection
	GlobalSection(ExtensibilityGlobals) = postSolution
		SolutionGuid = {12217D0A-9242-4A1E-9427-9599410D0487}
	EndGlobalSection
EndGlobal
